
Microsoft Visual Studio Solution File, Format Version 12.00
# Visual Studio Version 16
VisualStudioVersion = 16.0.31005.135
MinimumVisualStudioVersion = 10.0.40219.1
Project("{8BC9CEB8-8B4A-11D0-8D11-00A0C91BC942}") = "Lab11A", "Lab11A\Lab11A.vcxproj", "{FCD3E2FF-CFD1-4F86-9625-41C3D8F67782}"
EndProject
Project("{8BC9CEB8-8B4A-11D0-8D11-00A0C91BC942}") = "Lab11B1", "Lab11B1\Lab11B1.vcxproj", "{23184648-D5D3-4F3F-95CE-93AF63C40103}"
EndProject
Project("{8BC9CEB8-8B4A-11D0-8D11-00A0C91BC942}") = "Lab11B2", "Lab11B2\Lab11B2.vcxproj", "{DE1F16BA-C3C1-47D0-A439-544603B8F79F}"
EndProject
Project("{8BC9CEB8-8B4A-11D0-8D11-00A0C91BC942}") = "Lab11C1", "Lab11C1\Lab11C1.vcxproj", "{CE6D4322-94FA-4908-AF33-223E9343C7D9}"
EndProject
Project("{8BC9CEB8-8B4A-11D0-8D11-00A0C91BC942}") = "Lab11C2", "Lab11C2\Lab11C2.vcxproj", "{9F97A737-F25F-475D-9406-4B6A365AA2EC}"
EndProject
Project("{8BC9CEB8-8B4A-11D0-8D11-00A0C91BC942}") = "Lab11D1", "Lab11D1\Lab11D1.vcxproj", "{0AB5D2CB-D7A7-4421-91C2-79F1B349EFC7}"
EndProject
Project("{8BC9CEB8-8B4A-11D0-8D11-00A0C91BC942}") = "Lab11D2", "Lab11D2\Lab11D2.vcxproj", "{7028FDCC-83BF-4FBD-928A-7679CD059D60}"
EndProject
Global
	GlobalSection(SolutionConfigurationPlatforms) = preSolution
		Debug|x64 = Debug|x64
		Debug|x86 = Debug|x86
		Release|x64 = Release|x64
		Release|x86 = Release|x86
	EndGlobalSection
	GlobalSection(ProjectConfigurationPlatforms) = postSolution
		{FCD3E2FF-CFD1-4F86-9625-41C3D8F67782}.Debug|x64.ActiveCfg = Debug|x64
		{FCD3E2FF-CFD1-4F86-9625-41C3D8F67782}.Debug|x64.Build.0 = Debug|x64
		{FCD3E2FF-CFD1-4F86-9625-41C3D8F67782}.Debug|x86.ActiveCfg = Debug|Win32
		{FCD3E2FF-CFD1-4F86-9625-41C3D8F67782}.Debug|x86.Build.0 = Debug|Win32
		{FCD3E2FF-CFD1-4F86-9625-41C3D8F67782}.Release|x64.ActiveCfg = Release|x64
		{FCD3E2FF-CFD1-4F86-9625-41C3D8F67782}.Release|x64.Build.0 = Release|x64
		{FCD3E2FF-CFD1-4F86-9625-41C3D8F67782}.Release|x86.ActiveCfg = Release|Win32
		{FCD3E2FF-CFD1-4F86-9625-41C3D8F67782}.Release|x86.Build.0 = Release|Win32
		{23184648-D5D3-4F3F-95CE-93AF63C40103}.Debug|x64.ActiveCfg = Debug|x64
		{23184648-D5D3-4F3F-95CE-93AF63C40103}.Debug|x64.Build.0 = Debug|x64
		{23184648-D5D3-4F3F-95CE-93AF63C40103}.Debug|x86.ActiveCfg = Debug|Win32
		{23184648-D5D3-4F3F-95CE-93AF63C40103}.Debug|x86.Build.0 = Debug|Win32
		{23184648-D5D3-4F3F-95CE-93AF63C40103}.Release|x64.ActiveCfg = Release|x64
		{23184648-D5D3-4F3F-95CE-93AF63C40103}.Release|x64.Build.0 = Release|x64
		{23184648-D5D3-4F3F-95CE-93AF63C40103}.Release|x86.ActiveCfg = Release|Win32
		{23184648-D5D3-4F3F-95CE-93AF63C40103}.Release|x86.Build.0 = Release|Win32
		{DE1F16BA-C3C1-47D0-A439-544603B8F79F}.Debug|x64.ActiveCfg = Debug|x64
		{DE1F16BA-C3C1-47D0-A439-544603B8F79F}.Debug|x64.Build.0 = Debug|x64
		{DE1F16BA-C3C1-47D0-A439-544603B8F79F}.Debug|x86.ActiveCfg = Debug|Win32
		{DE1F16BA-C3C1-47D0-A439-544603B8F79F}.Debug|x86.Build.0 = Debug|Win32
		{DE1F16BA-C3C1-47D0-A439-544603B8F79F}.Release|x64.ActiveCfg = Release|x64
		{DE1F16BA-C3C1-47D0-A439-544603B8F79F}.Release|x64.Build.0 = Release|x64
		{DE1F16BA-C3C1-47D0-A439-544603B8F79F}.Release|x86.ActiveCfg = Release|Win32
		{DE1F16BA-C3C1-47D0-A439-544603B8F79F}.Release|x86.Build.0 = Release|Win32
		{CE6D4322-94FA-4908-AF33-223E9343C7D9}.Debug|x64.ActiveCfg = Debug|x64
		{CE6D4322-94FA-4908-AF33-223E9343C7D9}.Debug|x64.Build.0 = Debug|x64
		{CE6D4322-94FA-4908-AF33-223E9343C7D9}.Debug|x86.ActiveCfg = Debug|Win32
		{CE6D4322-94FA-4908-AF33-223E9343C7D9}.Debug|x86.Build.0 = Debug|Win32
		{CE6D4322-94FA-4908-AF33-223E9343C7D9}.Release|x64.ActiveCfg = Release|x64
		{CE6D4322-94FA-4908-AF33-223E9343C7D9}.Release|x64.Build.0 = Release|x64
		{CE6D4322-94FA-4908-AF33-223E9343C7D9}.Release|x86.ActiveCfg = Release|Win32
		{CE6D4322-94FA-4908-AF33-223E9343C7D9}.Release|x86.Build.0 = Release|Win32
		{9F97A737-F25F-475D-9406-4B6A365AA2EC}.Debug|x64.ActiveCfg = Debug|x64
		{9F97A737-F25F-475D-9406-4B6A365AA2EC}.Debug|x64.Build.0 = Debug|x64
		{9F97A737-F25F-475D-9406-4B6A365AA2EC}.Debug|x86.ActiveCfg = Debug|Win32
		{9F97A737-F25F-475D-9406-4B6A365AA2EC}.Debug|x86.Build.0 = Debug|Win32
		{9F97A737-F25F-475D-9406-4B6A365AA2EC}.Release|x64.ActiveCfg = Release|x64
		{9F97A737-F25F-475D-9406-4B6A365AA2EC}.Release|x64.Build.0 = Release|x64
		{9F97A737-F25F-475D-9406-4B6A365AA2EC}.Release|x86.ActiveCfg = Release|Win32
		{9F97A737-F25F-475D-9406-4B6A365AA2EC}.Release|x86.Build.0 = Release|Win32
		{0AB5D2CB-D7A7-4421-91C2-79F1B349EFC7}.Debug|x64.ActiveCfg = Debug|x64
		{0AB5D2CB-D7A7-4421-91C2-79F1B349EFC7}.Debug|x64.Build.0 = Debug|x64
		{0AB5D2CB-D7A7-4421-91C2-79F1B349EFC7}.Debug|x86.ActiveCfg = Debug|Win32
		{0AB5D2CB-D7A7-4421-91C2-79F1B349EFC7}.Debug|x86.Build.0 = Debug|Win32
		{0AB5D2CB-D7A7-4421-91C2-79F1B349EFC7}.Release|x64.ActiveCfg = Release|x64
		{0AB5D2CB-D7A7-4421-91C2-79F1B349EFC7}.Release|x64.Build.0 = Release|x64
		{0AB5D2CB-D7A7-4421-91C2-79F1B349EFC7}.Release|x86.ActiveCfg = Release|Win32
		{0AB5D2CB-D7A7-4421-91C2-79F1B349EFC7}.Release|x86.Build.0 = Release|Win32
		{7028FDCC-83BF-4FBD-928A-7679CD059D60}.Debug|x64.ActiveCfg = Debug|x64
		{7028FDCC-83BF-4FBD-928A-7679CD059D60}.Debug|x64.Build.0 = Debug|x64
		{7028FDCC-83BF-4FBD-928A-7679CD059D60}.Debug|x86.ActiveCfg = Debug|Win32
		{7028FDCC-83BF-4FBD-928A-7679CD059D60}.Debug|x86.Build.0 = Debug|Win32
		{7028FDCC-83BF-4FBD-928A-7679CD059D60}.Release|x64.ActiveCfg = Release|x64
		{7028FDCC-83BF-4FBD-928A-7679CD059D60}.Release|x64.Build.0 = Release|x64
		{7028FDCC-83BF-4FBD-928A-7679CD059D60}.Release|x86.ActiveCfg = Release|Win32
		{7028FDCC-83BF-4FBD-928A-7679CD059D60}.Release|x86.Build.0 = Release|Win32
	EndGlobalSection
	GlobalSection(SolutionProperties) = preSolution
		HideSolutionNode = FALSE
	EndGlobalSection
	GlobalSection(ExtensibilityGlobals) = postSolution
		SolutionGuid = {35A90241-9102-424A-B6EF-BB9CF6469B71}
	EndGlobalSection
EndGlobal
